
Microsoft Visual Studio Solution File, Format Version 12.00
# Visual Studio Version 16
VisualStudioVersion = 16.0.30204.135
MinimumVisualStudioVersion = 10.0.40219.1
Project("{FAE04EC0-301F-11D3-BF4B-00C04F79EFBC}") = "Api.Kefalaio", "Api.Kefalaio\Api.Kefalaio.csproj", "{BBD61B2E-5868-4699-8187-A2E6CB817462}"
EndProject
Global
	GlobalSection(SolutionConfigurationPlatforms) = preSolution
		Debug|Any CPU = Debug|Any CPU
		Release|Any CPU = Release|Any CPU
	EndGlobalSection
	GlobalSection(ProjectConfigurationPlatforms) = postSolution
		{BBD61B2E-5868-4699-8187-A2E6CB817462}.Debug|Any CPU.ActiveCfg = Debug|Any CPU
		{BBD61B2E-5868-4699-8187-A2E6CB817462}.Debug|Any CPU.Build.0 = Debug|Any CPU
		{BBD61B2E-5868-4699-8187-A2E6CB817462}.Release|Any CPU.ActiveCfg = Release|Any CPU
		{BBD61B2E-5868-4699-8187-A2E6CB817462}.Release|Any CPU.Build.0 = Release|Any CPU
	EndGlobalSection
	GlobalSection(SolutionProperties) = preSolution
		HideSolutionNode = FALSE
	EndGlobalSection
	GlobalSection(ExtensibilityGlobals) = postSolution
		SolutionGuid = {E0C84DF2-1310-4012-A94B-C2A0DE9DE80A}
	EndGlobalSection
EndGlobal
